{
  "name": "slack-bot-service",
  "version": "1.0.0",
  "lockfileVersion": 3,
  "requires": true,
  "packages": {
    "": {
      "name": "slack-bot-service",
      "version": "1.0.0",
      "dependencies": {
        "@slack/bolt": "4.6.0",
        "axios": "1.13.2"
      },
      "devDependencies": {
        "@types/node": "20.10.6",
        "ts-node": "10.9.2",
        "typescript": "5.4.0"
      }
    }
  }
}
